
Microsoft Visual Studio Solution File, Format Version 12.00
# Visual Studio Version 17
VisualStudioVersion = 17.4.33110.190
MinimumVisualStudioVersion = 10.0.40219.1
Project("{FAE04EC0-301F-11D3-BF4B-00C04F79EFBC}") = "MillGame", "MillGame.csproj", "{2AF8CBA3-A475-479F-ABAD-030B27792E8B}"
EndProject
Global
	GlobalSection(SolutionConfigurationPlatforms) = preSolution
		Debug|Any CPU = Debug|Any CPU
		Release|Any CPU = Release|Any CPU
	EndGlobalSection
	GlobalSection(ProjectConfigurationPlatforms) = postSolution
		{2AF8CBA3-A475-479F-ABAD-030B27792E8B}.Debug|Any CPU.ActiveCfg = Debug|Any CPU
		{2AF8CBA3-A475-479F-ABAD-030B27792E8B}.Debug|Any CPU.Build.0 = Debug|Any CPU
		{2AF8CBA3-A475-479F-ABAD-030B27792E8B}.Release|Any CPU.ActiveCfg = Release|Any CPU
		{2AF8CBA3-A475-479F-ABAD-030B27792E8B}.Release|Any CPU.Build.0 = Release|Any CPU
	EndGlobalSection
	GlobalSection(SolutionProperties) = preSolution
		HideSolutionNode = FALSE
	EndGlobalSection
	GlobalSection(ExtensibilityGlobals) = postSolution
		SolutionGuid = {F8810ED4-BDDB-4509-AC58-5210EA494DFF}
	EndGlobalSection
EndGlobal
